
Microsoft Visual Studio Solution File, Format Version 12.00
# Visual Studio Version 17
VisualStudioVersion = 17.0.32112.339
MinimumVisualStudioVersion = 10.0.40219.1
Project("{FAE04EC0-301F-11D3-BF4B-00C04F79EFBC}") = "WebApplication1", "WebApplication1\WebApplication1.csproj", "{4F028E2E-D892-4E63-AB94-A769ED6EC6AA}"
EndProject
Global
	GlobalSection(SolutionConfigurationPlatforms) = preSolution
		Debug|Any CPU = Debug|Any CPU
		Release|Any CPU = Release|Any CPU
	EndGlobalSection
	GlobalSection(ProjectConfigurationPlatforms) = postSolution
		{4F028E2E-D892-4E63-AB94-A769ED6EC6AA}.Debug|Any CPU.ActiveCfg = Debug|Any CPU
		{4F028E2E-D892-4E63-AB94-A769ED6EC6AA}.Debug|Any CPU.Build.0 = Debug|Any CPU
		{4F028E2E-D892-4E63-AB94-A769ED6EC6AA}.Release|Any CPU.ActiveCfg = Release|Any CPU
		{4F028E2E-D892-4E63-AB94-A769ED6EC6AA}.Release|Any CPU.Build.0 = Release|Any CPU
	EndGlobalSection
	GlobalSection(SolutionProperties) = preSolution
		HideSolutionNode = FALSE
	EndGlobalSection
	GlobalSection(ExtensibilityGlobals) = postSolution
		SolutionGuid = {20FCC6EE-C2E9-4B6C-AB71-820F83C85F01}
	EndGlobalSection
EndGlobal
